
Microsoft Visual Studio Solution File, Format Version 12.00
# Visual Studio Version 17
VisualStudioVersion = 17.13.35931.197 d17.13
MinimumVisualStudioVersion = 10.0.40219.1
Project("{FAE04EC0-301F-11D3-BF4B-00C04F79EFBC}") = "PO_WIZ_bazy_danych", "PO_WIZ_bazy_danych\PO_WIZ_bazy_danych.csproj", "{8C840587-01A4-481D-9014-53D53A5A10BA}"
EndProject
Global
	GlobalSection(SolutionConfigurationPlatforms) = preSolution
		Debug|Any CPU = Debug|Any CPU
		Release|Any CPU = Release|Any CPU
	EndGlobalSection
	GlobalSection(ProjectConfigurationPlatforms) = postSolution
		{8C840587-01A4-481D-9014-53D53A5A10BA}.Debug|Any CPU.ActiveCfg = Debug|Any CPU
		{8C840587-01A4-481D-9014-53D53A5A10BA}.Debug|Any CPU.Build.0 = Debug|Any CPU
		{8C840587-01A4-481D-9014-53D53A5A10BA}.Release|Any CPU.ActiveCfg = Release|Any CPU
		{8C840587-01A4-481D-9014-53D53A5A10BA}.Release|Any CPU.Build.0 = Release|Any CPU
	EndGlobalSection
	GlobalSection(SolutionProperties) = preSolution
		HideSolutionNode = FALSE
	EndGlobalSection
	GlobalSection(ExtensibilityGlobals) = postSolution
		SolutionGuid = {2E379B07-52DA-4DF8-A1B3-8D34D7AF4129}
	EndGlobalSection
EndGlobal
